
Microsoft Visual Studio Solution File, Format Version 11.00
# Visual Studio 2010
Project("{FAE04EC0-301F-11D3-BF4B-00C04F79EFBC}") = "TfsAutomationCore", "TfsAutomationCore.csproj", "{935C876C-F8A7-4EF5-B292-71EA147A3607}"
EndProject
Project("{FAE04EC0-301F-11D3-BF4B-00C04F79EFBC}") = "TfsAutomationCore.Tests", "..\TfsAutomationCore.Tests\TfsAutomationCore.Tests.csproj", "{11AE4F47-40CE-4C5B-BBA5-39247A4D4EAE}"
EndProject
Project("{2150E333-8FDC-42A3-9474-1A3956D46DE8}") = "Solution Items", "Solution Items", "{8A13093C-D860-441F-9310-F97B559E92F6}"
	ProjectSection(SolutionItems) = preProject
		Local.testsettings = Local.testsettings
		TfsAutomationCore.vsmdi = TfsAutomationCore.vsmdi
		TraceAndTestImpact.testsettings = TraceAndTestImpact.testsettings
	EndProjectSection
EndProject
Global
	GlobalSection(SubversionScc) = preSolution
		Svn-Managed = True
		Manager = AnkhSVN - Subversion Support for Visual Studio
	EndGlobalSection
	GlobalSection(TestCaseManagementSettings) = postSolution
		CategoryFile = TfsAutomationCore.vsmdi
	EndGlobalSection
	GlobalSection(SolutionConfigurationPlatforms) = preSolution
		Debug|Any CPU = Debug|Any CPU
		Release|Any CPU = Release|Any CPU
	EndGlobalSection
	GlobalSection(ProjectConfigurationPlatforms) = postSolution
		{935C876C-F8A7-4EF5-B292-71EA147A3607}.Debug|Any CPU.ActiveCfg = Debug|Any CPU
		{935C876C-F8A7-4EF5-B292-71EA147A3607}.Debug|Any CPU.Build.0 = Debug|Any CPU
		{935C876C-F8A7-4EF5-B292-71EA147A3607}.Release|Any CPU.ActiveCfg = Release|Any CPU
		{935C876C-F8A7-4EF5-B292-71EA147A3607}.Release|Any CPU.Build.0 = Release|Any CPU
		{11AE4F47-40CE-4C5B-BBA5-39247A4D4EAE}.Debug|Any CPU.ActiveCfg = Debug|Any CPU
		{11AE4F47-40CE-4C5B-BBA5-39247A4D4EAE}.Debug|Any CPU.Build.0 = Debug|Any CPU
		{11AE4F47-40CE-4C5B-BBA5-39247A4D4EAE}.Release|Any CPU.ActiveCfg = Release|Any CPU
		{11AE4F47-40CE-4C5B-BBA5-39247A4D4EAE}.Release|Any CPU.Build.0 = Release|Any CPU
	EndGlobalSection
	GlobalSection(SolutionProperties) = preSolution
		HideSolutionNode = FALSE
	EndGlobalSection
EndGlobal
